
Microsoft Visual Studio Solution File, Format Version 12.00
# Visual Studio Version 16
VisualStudioVersion = 16.0.30717.126
MinimumVisualStudioVersion = 10.0.40219.1
Project("{2150E333-8FDC-42A3-9474-1A3956D46DE8}") = "Transversal", "Transversal", "{4C316E3C-AE32-4D7A-B23D-4AE071173E12}"
EndProject
Project("{2150E333-8FDC-42A3-9474-1A3956D46DE8}") = "Dominio", "Dominio", "{861B45BE-0052-45D1-B03B-14E09BF91490}"
EndProject
Project("{9A19103F-16F7-4668-BE54-9A1E7A4F7556}") = "Olimpia.Balanceador.Dominio.Core", "Olimpia.Balanceador.Dominio.Core\Olimpia.Balanceador.Dominio.Core.csproj", "{962C6D00-CF59-467B-A54C-A30912DEA08F}"
EndProject
Project("{9A19103F-16F7-4668-BE54-9A1E7A4F7556}") = "Olimpia.Balanceador.Dominio.Entity", "Olimpia.Balanceador.Dominio.Entity\Olimpia.Balanceador.Dominio.Entity.csproj", "{521C3DDF-C443-41AF-A624-5D100865893D}"
EndProject
Project("{9A19103F-16F7-4668-BE54-9A1E7A4F7556}") = "Olimpia.Balanceador.Dominio.Interface", "Olimpia.Balanceador.Dominio.Interface\Olimpia.Balanceador.Dominio.Interface.csproj", "{26FB295F-DB8F-49E0-A808-6804BDEA8266}"
EndProject
Project("{9A19103F-16F7-4668-BE54-9A1E7A4F7556}") = "Olimpia.Balanceador.Transversal.Common", "Olimpia.Balanceador.Transversal.Common\Olimpia.Balanceador.Transversal.Common.csproj", "{64A84E20-26BC-45B8-8799-1FBBE2BBD66F}"
EndProject
Project("{9A19103F-16F7-4668-BE54-9A1E7A4F7556}") = "Olimpia.Balanceador.Transversal.Logging", "Olimpia.Balanceador.Transversal.Logging\Olimpia.Balanceador.Transversal.Logging.csproj", "{2DE2C840-6BDD-442C-843E-4F4A64E8AB04}"
EndProject
Project("{9A19103F-16F7-4668-BE54-9A1E7A4F7556}") = "Olimpia.Balanceador.Transversal.Inyeccion", "Olimpia.Balanceador.Transversal.Inyeccion\Olimpia.Balanceador.Transversal.Inyeccion.csproj", "{83EAC509-3D48-4143-A49B-11D2A88CBAD7}"
EndProject
Project("{2150E333-8FDC-42A3-9474-1A3956D46DE8}") = "Servicio", "Servicio", "{BC25B48D-D007-4E45-A516-7D31D5F6426A}"
EndProject
Project("{2150E333-8FDC-42A3-9474-1A3956D46DE8}") = "Aplicacion", "Aplicacion", "{F75C2283-F775-4A43-A7AD-BEB1BA425D9C}"
EndProject
Project("{2150E333-8FDC-42A3-9474-1A3956D46DE8}") = "Pruebas", "Pruebas", "{747C8F45-8048-4BEA-B64E-607FA1838BEF}"
EndProject
Project("{9A19103F-16F7-4668-BE54-9A1E7A4F7556}") = "Olimpia.Balanceador.Aplicacion.Interface", "Olimpia.Balanceador.Aplicacion.Interface\Olimpia.Balanceador.Aplicacion.Interface.csproj", "{1DF52FFA-5A53-454C-9E0E-E412D9E96D68}"
EndProject
Project("{9A19103F-16F7-4668-BE54-9A1E7A4F7556}") = "Olimpia.Balanceador.Aplicacion.Main", "Olimpia.Balanceador.Aplicacion.Main\Olimpia.Balanceador.Aplicacion.Main.csproj", "{4157C347-43A8-4450-96C0-D9536B1A4BE2}"
EndProject
Project("{2150E333-8FDC-42A3-9474-1A3956D46DE8}") = "Infraestructura", "Infraestructura", "{C7A0568D-45E0-4543-8AB9-54BBD4132261}"
EndProject
Project("{9A19103F-16F7-4668-BE54-9A1E7A4F7556}") = "Olimpia.Balanceador.Infraestructura.Data", "Olimpia.Balanceador.Infraestructura.Data\Olimpia.Balanceador.Infraestructura.Data.csproj", "{F1EDAB32-5AF5-4756-A7AD-D8C17E79CC38}"
EndProject
Project("{9A19103F-16F7-4668-BE54-9A1E7A4F7556}") = "Olimpia.Balanceador.Infraestructura.Interface", "Olimpia.Balanceador.Infraestructura.Interface\Olimpia.Balanceador.Infraestructura.Interface.csproj", "{360605CD-6211-426F-8307-F0B24C6A8911}"
EndProject
Project("{FAE04EC0-301F-11D3-BF4B-00C04F79EFBC}") = "Olimpia.Balanceador.Servicio.WcfService", "Olimpia.Balanceador.Servicio.WcfService\Olimpia.Balanceador.Servicio.WcfService.csproj", "{5D24CFC8-37BE-4D17-90EE-01BFD412081E}"
EndProject
Project("{FAE04EC0-301F-11D3-BF4B-00C04F79EFBC}") = "Olimpia.Balanceador.Servicio.InterRoot", "Olimpia.Balanceador.Servicio.InterRoot\Olimpia.Balanceador.Servicio.InterRoot.csproj", "{F6C27A5E-A9B6-474C-9A92-9375D6513C3A}"
EndProject
Project("{FAE04EC0-301F-11D3-BF4B-00C04F79EFBC}") = "Olimpia.Balanceador.Infraestructura.Repository", "Olimpia.Balanceador.Infraestructura.Repository\Olimpia.Balanceador.Infraestructura.Repository.csproj", "{F9985543-534B-4E9A-A33F-6FEACD9B6C60}"
EndProject
Project("{FAE04EC0-301F-11D3-BF4B-00C04F79EFBC}") = "Olimpia.Balanceador.Pruebas.Unitarias", "Olimpia.Balanceador.Pruebas.Unitarias\Olimpia.Balanceador.Pruebas.Unitarias.csproj", "{91C114EB-5DE6-4A56-858A-120C6FC26D21}"
	ProjectSection(ProjectDependencies) = postProject
		{5D24CFC8-37BE-4D17-90EE-01BFD412081E} = {5D24CFC8-37BE-4D17-90EE-01BFD412081E}
	EndProjectSection
EndProject
Global
	GlobalSection(SolutionConfigurationPlatforms) = preSolution
		Debug|Any CPU = Debug|Any CPU
		Release|Any CPU = Release|Any CPU
	EndGlobalSection
	GlobalSection(ProjectConfigurationPlatforms) = postSolution
		{962C6D00-CF59-467B-A54C-A30912DEA08F}.Debug|Any CPU.ActiveCfg = Debug|Any CPU
		{962C6D00-CF59-467B-A54C-A30912DEA08F}.Debug|Any CPU.Build.0 = Debug|Any CPU
		{962C6D00-CF59-467B-A54C-A30912DEA08F}.Release|Any CPU.ActiveCfg = Release|Any CPU
		{962C6D00-CF59-467B-A54C-A30912DEA08F}.Release|Any CPU.Build.0 = Release|Any CPU
		{521C3DDF-C443-41AF-A624-5D100865893D}.Debug|Any CPU.ActiveCfg = Debug|Any CPU
		{521C3DDF-C443-41AF-A624-5D100865893D}.Debug|Any CPU.Build.0 = Debug|Any CPU
		{521C3DDF-C443-41AF-A624-5D100865893D}.Release|Any CPU.ActiveCfg = Release|Any CPU
		{521C3DDF-C443-41AF-A624-5D100865893D}.Release|Any CPU.Build.0 = Release|Any CPU
		{26FB295F-DB8F-49E0-A808-6804BDEA8266}.Debug|Any CPU.ActiveCfg = Debug|Any CPU
		{26FB295F-DB8F-49E0-A808-6804BDEA8266}.Debug|Any CPU.Build.0 = Debug|Any CPU
		{26FB295F-DB8F-49E0-A808-6804BDEA8266}.Release|Any CPU.ActiveCfg = Release|Any CPU
		{26FB295F-DB8F-49E0-A808-6804BDEA8266}.Release|Any CPU.Build.0 = Release|Any CPU
		{64A84E20-26BC-45B8-8799-1FBBE2BBD66F}.Debug|Any CPU.ActiveCfg = Debug|Any CPU
		{64A84E20-26BC-45B8-8799-1FBBE2BBD66F}.Debug|Any CPU.Build.0 = Debug|Any CPU
		{64A84E20-26BC-45B8-8799-1FBBE2BBD66F}.Release|Any CPU.ActiveCfg = Release|Any CPU
		{64A84E20-26BC-45B8-8799-1FBBE2BBD66F}.Release|Any CPU.Build.0 = Release|Any CPU
		{2DE2C840-6BDD-442C-843E-4F4A64E8AB04}.Debug|Any CPU.ActiveCfg = Debug|Any CPU
		{2DE2C840-6BDD-442C-843E-4F4A64E8AB04}.Debug|Any CPU.Build.0 = Debug|Any CPU
		{2DE2C840-6BDD-442C-843E-4F4A64E8AB04}.Release|Any CPU.ActiveCfg = Release|Any CPU
		{2DE2C840-6BDD-442C-843E-4F4A64E8AB04}.Release|Any CPU.Build.0 = Release|Any CPU
		{83EAC509-3D48-4143-A49B-11D2A88CBAD7}.Debug|Any CPU.ActiveCfg = Debug|Any CPU
		{83EAC509-3D48-4143-A49B-11D2A88CBAD7}.Debug|Any CPU.Build.0 = Debug|Any CPU
		{83EAC509-3D48-4143-A49B-11D2A88CBAD7}.Release|Any CPU.ActiveCfg = Release|Any CPU
		{83EAC509-3D48-4143-A49B-11D2A88CBAD7}.Release|Any CPU.Build.0 = Release|Any CPU
		{1DF52FFA-5A53-454C-9E0E-E412D9E96D68}.Debug|Any CPU.ActiveCfg = Debug|Any CPU
		{1DF52FFA-5A53-454C-9E0E-E412D9E96D68}.Debug|Any CPU.Build.0 = Debug|Any CPU
		{1DF52FFA-5A53-454C-9E0E-E412D9E96D68}.Release|Any CPU.ActiveCfg = Release|Any CPU
		{1DF52FFA-5A53-454C-9E0E-E412D9E96D68}.Release|Any CPU.Build.0 = Release|Any CPU
		{4157C347-43A8-4450-96C0-D9536B1A4BE2}.Debug|Any CPU.ActiveCfg = Debug|Any CPU
		{4157C347-43A8-4450-96C0-D9536B1A4BE2}.Debug|Any CPU.Build.0 = Debug|Any CPU
		{4157C347-43A8-4450-96C0-D9536B1A4BE2}.Release|Any CPU.ActiveCfg = Release|Any CPU
		{4157C347-43A8-4450-96C0-D9536B1A4BE2}.Release|Any CPU.Build.0 = Release|Any CPU
		{F1EDAB32-5AF5-4756-A7AD-D8C17E79CC38}.Debug|Any CPU.ActiveCfg = Debug|Any CPU
		{F1EDAB32-5AF5-4756-A7AD-D8C17E79CC38}.Debug|Any CPU.Build.0 = Debug|Any CPU
		{F1EDAB32-5AF5-4756-A7AD-D8C17E79CC38}.Release|Any CPU.ActiveCfg = Release|Any CPU
		{F1EDAB32-5AF5-4756-A7AD-D8C17E79CC38}.Release|Any CPU.Build.0 = Release|Any CPU
		{360605CD-6211-426F-8307-F0B24C6A8911}.Debug|Any CPU.ActiveCfg = Debug|Any CPU
		{360605CD-6211-426F-8307-F0B24C6A8911}.Debug|Any CPU.Build.0 = Debug|Any CPU
		{360605CD-6211-426F-8307-F0B24C6A8911}.Release|Any CPU.ActiveCfg = Release|Any CPU
		{360605CD-6211-426F-8307-F0B24C6A8911}.Release|Any CPU.Build.0 = Release|Any CPU
		{5D24CFC8-37BE-4D17-90EE-01BFD412081E}.Debug|Any CPU.ActiveCfg = Debug|Any CPU
		{5D24CFC8-37BE-4D17-90EE-01BFD412081E}.Debug|Any CPU.Build.0 = Debug|Any CPU
		{5D24CFC8-37BE-4D17-90EE-01BFD412081E}.Release|Any CPU.ActiveCfg = Release|Any CPU
		{5D24CFC8-37BE-4D17-90EE-01BFD412081E}.Release|Any CPU.Build.0 = Release|Any CPU
		{F6C27A5E-A9B6-474C-9A92-9375D6513C3A}.Debug|Any CPU.ActiveCfg = Debug|Any CPU
		{F6C27A5E-A9B6-474C-9A92-9375D6513C3A}.Debug|Any CPU.Build.0 = Debug|Any CPU
		{F6C27A5E-A9B6-474C-9A92-9375D6513C3A}.Release|Any CPU.ActiveCfg = Release|Any CPU
		{F6C27A5E-A9B6-474C-9A92-9375D6513C3A}.Release|Any CPU.Build.0 = Release|Any CPU
		{F9985543-534B-4E9A-A33F-6FEACD9B6C60}.Debug|Any CPU.ActiveCfg = Debug|Any CPU
		{F9985543-534B-4E9A-A33F-6FEACD9B6C60}.Debug|Any CPU.Build.0 = Debug|Any CPU
		{F9985543-534B-4E9A-A33F-6FEACD9B6C60}.Release|Any CPU.ActiveCfg = Release|Any CPU
		{F9985543-534B-4E9A-A33F-6FEACD9B6C60}.Release|Any CPU.Build.0 = Release|Any CPU
		{91C114EB-5DE6-4A56-858A-120C6FC26D21}.Debug|Any CPU.ActiveCfg = Debug|Any CPU
		{91C114EB-5DE6-4A56-858A-120C6FC26D21}.Debug|Any CPU.Build.0 = Debug|Any CPU
		{91C114EB-5DE6-4A56-858A-120C6FC26D21}.Release|Any CPU.ActiveCfg = Release|Any CPU
		{91C114EB-5DE6-4A56-858A-120C6FC26D21}.Release|Any CPU.Build.0 = Release|Any CPU
	EndGlobalSection
	GlobalSection(SolutionProperties) = preSolution
		HideSolutionNode = FALSE
	EndGlobalSection
	GlobalSection(NestedProjects) = preSolution
		{962C6D00-CF59-467B-A54C-A30912DEA08F} = {861B45BE-0052-45D1-B03B-14E09BF91490}
		{521C3DDF-C443-41AF-A624-5D100865893D} = {861B45BE-0052-45D1-B03B-14E09BF91490}
		{26FB295F-DB8F-49E0-A808-6804BDEA8266} = {861B45BE-0052-45D1-B03B-14E09BF91490}
		{64A84E20-26BC-45B8-8799-1FBBE2BBD66F} = {4C316E3C-AE32-4D7A-B23D-4AE071173E12}
		{2DE2C840-6BDD-442C-843E-4F4A64E8AB04} = {4C316E3C-AE32-4D7A-B23D-4AE071173E12}
		{83EAC509-3D48-4143-A49B-11D2A88CBAD7} = {4C316E3C-AE32-4D7A-B23D-4AE071173E12}
		{1DF52FFA-5A53-454C-9E0E-E412D9E96D68} = {F75C2283-F775-4A43-A7AD-BEB1BA425D9C}
		{4157C347-43A8-4450-96C0-D9536B1A4BE2} = {F75C2283-F775-4A43-A7AD-BEB1BA425D9C}
		{F1EDAB32-5AF5-4756-A7AD-D8C17E79CC38} = {C7A0568D-45E0-4543-8AB9-54BBD4132261}
		{360605CD-6211-426F-8307-F0B24C6A8911} = {C7A0568D-45E0-4543-8AB9-54BBD4132261}
		{5D24CFC8-37BE-4D17-90EE-01BFD412081E} = {BC25B48D-D007-4E45-A516-7D31D5F6426A}
		{F6C27A5E-A9B6-474C-9A92-9375D6513C3A} = {BC25B48D-D007-4E45-A516-7D31D5F6426A}
		{F9985543-534B-4E9A-A33F-6FEACD9B6C60} = {C7A0568D-45E0-4543-8AB9-54BBD4132261}
		{91C114EB-5DE6-4A56-858A-120C6FC26D21} = {747C8F45-8048-4BEA-B64E-607FA1838BEF}
	EndGlobalSection
	GlobalSection(ExtensibilityGlobals) = postSolution
		SolutionGuid = {E8E1DA0B-3BBB-4A65-B5C0-0A8E2895E38C}
	EndGlobalSection
EndGlobal
